
Microsoft Visual Studio Solution File, Format Version 12.00
# Visual Studio Version 17
VisualStudioVersion = 17.0.31903.59
MinimumVisualStudioVersion = 10.0.40219.1
Project("{FAE04EC0-301F-11D3-BF4B-00C04F79EFBC}") = "JobNai.Api", "JobNai.Api\JobNai.Api.csproj", "{D6D44A1F-B9F6-4818-9097-3BB90A001D62}"
EndProject
Project("{FAE04EC0-301F-11D3-BF4B-00C04F79EFBC}") = "JobNai.Domain", "JobNai.Domain\JobNai.Domain.csproj", "{DD06F77A-5A0D-40D0-80FB-0C55ED344F58}"
EndProject
Project("{FAE04EC0-301F-11D3-BF4B-00C04F79EFBC}") = "JobNai.Application", "JobNai.Application\JobNai.Application.csproj", "{B87512F2-24A2-400C-9A9A-620056D486F5}"
EndProject
Project("{FAE04EC0-301F-11D3-BF4B-00C04F79EFBC}") = "JobNai.Infrastructure", "JobNai.Infrastructure\JobNai.Infrastructure.csproj", "{63BB6C23-C9DE-4E25-82F8-43454650A2CF}"
EndProject
Global
	GlobalSection(SolutionConfigurationPlatforms) = preSolution
		Debug|Any CPU = Debug|Any CPU
		Debug|x64 = Debug|x64
		Debug|x86 = Debug|x86
		Release|Any CPU = Release|Any CPU
		Release|x64 = Release|x64
		Release|x86 = Release|x86
	EndGlobalSection
	GlobalSection(ProjectConfigurationPlatforms) = postSolution
		{D6D44A1F-B9F6-4818-9097-3BB90A001D62}.Debug|Any CPU.ActiveCfg = Debug|Any CPU
		{D6D44A1F-B9F6-4818-9097-3BB90A001D62}.Debug|Any CPU.Build.0 = Debug|Any CPU
		{D6D44A1F-B9F6-4818-9097-3BB90A001D62}.Debug|x64.ActiveCfg = Debug|Any CPU
		{D6D44A1F-B9F6-4818-9097-3BB90A001D62}.Debug|x64.Build.0 = Debug|Any CPU
		{D6D44A1F-B9F6-4818-9097-3BB90A001D62}.Debug|x86.ActiveCfg = Debug|Any CPU
		{D6D44A1F-B9F6-4818-9097-3BB90A001D62}.Debug|x86.Build.0 = Debug|Any CPU
		{D6D44A1F-B9F6-4818-9097-3BB90A001D62}.Release|Any CPU.ActiveCfg = Release|Any CPU
		{D6D44A1F-B9F6-4818-9097-3BB90A001D62}.Release|Any CPU.Build.0 = Release|Any CPU
		{D6D44A1F-B9F6-4818-9097-3BB90A001D62}.Release|x64.ActiveCfg = Release|Any CPU
		{D6D44A1F-B9F6-4818-9097-3BB90A001D62}.Release|x64.Build.0 = Release|Any CPU
		{D6D44A1F-B9F6-4818-9097-3BB90A001D62}.Release|x86.ActiveCfg = Release|Any CPU
		{D6D44A1F-B9F6-4818-9097-3BB90A001D62}.Release|x86.Build.0 = Release|Any CPU
		{DD06F77A-5A0D-40D0-80FB-0C55ED344F58}.Debug|Any CPU.ActiveCfg = Debug|Any CPU
		{DD06F77A-5A0D-40D0-80FB-0C55ED344F58}.Debug|Any CPU.Build.0 = Debug|Any CPU
		{DD06F77A-5A0D-40D0-80FB-0C55ED344F58}.Debug|x64.ActiveCfg = Debug|Any CPU
		{DD06F77A-5A0D-40D0-80FB-0C55ED344F58}.Debug|x64.Build.0 = Debug|Any CPU
		{DD06F77A-5A0D-40D0-80FB-0C55ED344F58}.Debug|x86.ActiveCfg = Debug|Any CPU
		{DD06F77A-5A0D-40D0-80FB-0C55ED344F58}.Debug|x86.Build.0 = Debug|Any CPU
		{DD06F77A-5A0D-40D0-80FB-0C55ED344F58}.Release|Any CPU.ActiveCfg = Release|Any CPU
		{DD06F77A-5A0D-40D0-80FB-0C55ED344F58}.Release|Any CPU.Build.0 = Release|Any CPU
		{DD06F77A-5A0D-40D0-80FB-0C55ED344F58}.Release|x64.ActiveCfg = Release|Any CPU
		{DD06F77A-5A0D-40D0-80FB-0C55ED344F58}.Release|x64.Build.0 = Release|Any CPU
		{DD06F77A-5A0D-40D0-80FB-0C55ED344F58}.Release|x86.ActiveCfg = Release|Any CPU
		{DD06F77A-5A0D-40D0-80FB-0C55ED344F58}.Release|x86.Build.0 = Release|Any CPU
		{B87512F2-24A2-400C-9A9A-620056D486F5}.Debug|Any CPU.ActiveCfg = Debug|Any CPU
		{B87512F2-24A2-400C-9A9A-620056D486F5}.Debug|Any CPU.Build.0 = Debug|Any CPU
		{B87512F2-24A2-400C-9A9A-620056D486F5}.Debug|x64.ActiveCfg = Debug|Any CPU
		{B87512F2-24A2-400C-9A9A-620056D486F5}.Debug|x64.Build.0 = Debug|Any CPU
		{B87512F2-24A2-400C-9A9A-620056D486F5}.Debug|x86.ActiveCfg = Debug|Any CPU
		{B87512F2-24A2-400C-9A9A-620056D486F5}.Debug|x86.Build.0 = Debug|Any CPU
		{B87512F2-24A2-400C-9A9A-620056D486F5}.Release|Any CPU.ActiveCfg = Release|Any CPU
		{B87512F2-24A2-400C-9A9A-620056D486F5}.Release|Any CPU.Build.0 = Release|Any CPU
		{B87512F2-24A2-400C-9A9A-620056D486F5}.Release|x64.ActiveCfg = Release|Any CPU
		{B87512F2-24A2-400C-9A9A-620056D486F5}.Release|x64.Build.0 = Release|Any CPU
		{B87512F2-24A2-400C-9A9A-620056D486F5}.Release|x86.ActiveCfg = Release|Any CPU
		{B87512F2-24A2-400C-9A9A-620056D486F5}.Release|x86.Build.0 = Release|Any CPU
		{63BB6C23-C9DE-4E25-82F8-43454650A2CF}.Debug|Any CPU.ActiveCfg = Debug|Any CPU
		{63BB6C23-C9DE-4E25-82F8-43454650A2CF}.Debug|Any CPU.Build.0 = Debug|Any CPU
		{63BB6C23-C9DE-4E25-82F8-43454650A2CF}.Debug|x64.ActiveCfg = Debug|Any CPU
		{63BB6C23-C9DE-4E25-82F8-43454650A2CF}.Debug|x64.Build.0 = Debug|Any CPU
		{63BB6C23-C9DE-4E25-82F8-43454650A2CF}.Debug|x86.ActiveCfg = Debug|Any CPU
		{63BB6C23-C9DE-4E25-82F8-43454650A2CF}.Debug|x86.Build.0 = Debug|Any CPU
		{63BB6C23-C9DE-4E25-82F8-43454650A2CF}.Release|Any CPU.ActiveCfg = Release|Any CPU
		{63BB6C23-C9DE-4E25-82F8-43454650A2CF}.Release|Any CPU.Build.0 = Release|Any CPU
		{63BB6C23-C9DE-4E25-82F8-43454650A2CF}.Release|x64.ActiveCfg = Release|Any CPU
		{63BB6C23-C9DE-4E25-82F8-43454650A2CF}.Release|x64.Build.0 = Release|Any CPU
		{63BB6C23-C9DE-4E25-82F8-43454650A2CF}.Release|x86.ActiveCfg = Release|Any CPU
		{63BB6C23-C9DE-4E25-82F8-43454650A2CF}.Release|x86.Build.0 = Release|Any CPU
	EndGlobalSection
	GlobalSection(SolutionProperties) = preSolution
		HideSolutionNode = FALSE
	EndGlobalSection
EndGlobal
